// !$*UTF8*$!
{
	archiveVersion = 1;
	classes = {
	};
	objectVersion = 46;
	objects = {

/* Begin PBXBuildFile section */
		76424B861DB8FBD00001EAC0 /* utils.c in Sources */ = {isa = PBXBuildFile; fileRef = 76424B851DB8FBD00001EAC0 /* utils.c */; };
		765BE48D1DC9721300F8FBF4 /* cpdb.c in Sources */ = {isa = PBXBuildFile; fileRef = 76F32D171DAE82E900C311F3 /* cpdb.c */; };
		765BE48E1DC9721800F8FBF4 /* utils.c in Sources */ = {isa = PBXBuildFile; fileRef = 76424B851DB8FBD00001EAC0 /* utils.c */; };
		765BE48F1DC9722000F8FBF4 /* cpdb.h in Headers */ = {isa = PBXBuildFile; fileRef = 76F32D191DAE82E900C311F3 /* cpdb.h */; settings = {ATTRIBUTES = (Public, ); }; };
		76F32D1A1DAE82E900C311F3 /* cpdb.c in Sources */ = {isa = PBXBuildFile; fileRef = 76F32D171DAE82E900C311F3 /* cpdb.c */; };
		76F32D1B1DAE82E900C311F3 /* main.c in Sources */ = {isa = PBXBuildFile; fileRef = 76F32D181DAE82E900C311F3 /* main.c */; };
/* End PBXBuildFile section */

/* Begin PBXCopyFilesBuildPhase section */
		768FDD2C1D9C50FD009324D7 /* CopyFiles */ = {
			isa = PBXCopyFilesBuildPhase;
			buildActionMask = 2147483647;
			dstPath = /usr/share/man/man1/;
			dstSubfolderSpec = 0;
			files = (
			);
			runOnlyForDeploymentPostprocessing = 1;
		};
/* End PBXCopyFilesBuildPhase section */

/* Begin PBXFileReference section */
		76424B851DB8FBD00001EAC0 /* utils.c */ = {isa = PBXFileReference; fileEncoding = 4; lastKnownFileType = sourcecode.c.c; name = utils.c; path = ../src/utils.c; sourceTree = "<group>"; };
		765BE4891DC9720000F8FBF4 /* libcpdb.a */ = {isa = PBXFileReference; explicitFileType = archive.ar; includeInIndex = 0; path = libcpdb.a; sourceTree = BUILT_PRODUCTS_DIR; };
		768FDD2E1D9C50FD009324D7 /* pdbparser */ = {isa = PBXFileReference; explicitFileType = "compiled.mach-o.executable"; includeInIndex = 0; path = pdbparser; sourceTree = BUILT_PRODUCTS_DIR; };
		76F32D171DAE82E900C311F3 /* cpdb.c */ = {isa = PBXFileReference; fileEncoding = 4; lastKnownFileType = sourcecode.c.c; name = cpdb.c; path = ../src/cpdb.c; sourceTree = "<group>"; };
		76F32D181DAE82E900C311F3 /* main.c */ = {isa = PBXFileReference; fileEncoding = 4; lastKnownFileType = sourcecode.c.c; name = main.c; path = ../src/main.c; sourceTree = "<group>"; };
		76F32D191DAE82E900C311F3 /* cpdb.h */ = {isa = PBXFileReference; fileEncoding = 4; lastKnownFileType = sourcecode.c.h; name = cpdb.h; path = ../src/cpdb.h; sourceTree = "<group>"; };
/* End PBXFileReference section */

/* Begin PBXFrameworksBuildPhase section */
		765BE4861DC9720000F8FBF4 /* Frameworks */ = {
			isa = PBXFrameworksBuildPhase;
			buildActionMask = 2147483647;
			files = (
			);
			runOnlyForDeploymentPostprocessing = 0;
		};
		768FDD2B1D9C50FD009324D7 /* Frameworks */ = {
			isa = PBXFrameworksBuildPhase;
			buildActionMask = 2147483647;
			files = (
			);
			runOnlyForDeploymentPostprocessing = 0;
		};
/* End PBXFrameworksBuildPhase section */

/* Begin PBXGroup section */
		768FDD251D9C50FD009324D7 = {
			isa = PBXGroup;
			children = (
				76F32D171DAE82E900C311F3 /* cpdb.c */,
				76F32D181DAE82E900C311F3 /* main.c */,
				76F32D191DAE82E900C311F3 /* cpdb.h */,
				76424B851DB8FBD00001EAC0 /* utils.c */,
				768FDD2F1D9C50FD009324D7 /* Products */,
			);
			sourceTree = "<group>";
		};
		768FDD2F1D9C50FD009324D7 /* Products */ = {
			isa = PBXGroup;
			children = (
				768FDD2E1D9C50FD009324D7 /* pdbparser */,
				765BE4891DC9720000F8FBF4 /* libcpdb.a */,
			);
			name = Products;
			sourceTree = "<group>";
		};
/* End PBXGroup section */

/* Begin PBXHeadersBuildPhase section */
		765BE4871DC9720000F8FBF4 /* Headers */ = {
			isa = PBXHeadersBuildPhase;
			buildActionMask = 2147483647;
			files = (
				765BE48F1DC9722000F8FBF4 /* cpdb.h in Headers */,
			);
			runOnlyForDeploymentPostprocessing = 0;
		};
/* End PBXHeadersBuildPhase section */

/* Begin PBXNativeTarget section */
		765BE4881DC9720000F8FBF4 /* cpdb */ = {
			isa = PBXNativeTarget;
			buildConfigurationList = 765BE48A1DC9720000F8FBF4 /* Build configuration list for PBXNativeTarget "cpdb" */;
			buildPhases = (
				765BE4851DC9720000F8FBF4 /* Sources */,
				765BE4861DC9720000F8FBF4 /* Frameworks */,
				765BE4871DC9720000F8FBF4 /* Headers */,
			);
			buildRules = (
			);
			dependencies = (
			);
			name = cpdb;
			productName = cpdb;
			productReference = 765BE4891DC9720000F8FBF4 /* libcpdb.a */;
			productType = "com.apple.product-type.library.static";
		};
		768FDD2D1D9C50FD009324D7 /* pdbparser */ = {
			isa = PBXNativeTarget;
			buildConfigurationList = 768FDD351D9C50FD009324D7 /* Build configuration list for PBXNativeTarget "pdbparser" */;
			buildPhases = (
				768FDD2A1D9C50FD009324D7 /* Sources */,
				768FDD2B1D9C50FD009324D7 /* Frameworks */,
				768FDD2C1D9C50FD009324D7 /* CopyFiles */,
			);
			buildRules = (
			);
			dependencies = (
			);
			name = pdbparser;
			productName = cpdb;
			productReference = 768FDD2E1D9C50FD009324D7 /* pdbparser */;
			productType = "com.apple.product-type.tool";
		};
/* End PBXNativeTarget section */

/* Begin PBXProject section */
		768FDD261D9C50FD009324D7 /* Project object */ = {
			isa = PBXProject;
			attributes = {
				LastUpgradeCheck = 0900;
				ORGANIZATIONNAME = "Gokhan SELAMET";
				TargetAttributes = {
					765BE4881DC9720000F8FBF4 = {
						CreatedOnToolsVersion = 8.1;
						ProvisioningStyle = Automatic;
					};
					768FDD2D1D9C50FD009324D7 = {
						CreatedOnToolsVersion = 8.0;
						ProvisioningStyle = Automatic;
					};
				};
			};
			buildConfigurationList = 768FDD291D9C50FD009324D7 /* Build configuration list for PBXProject "cpdb" */;
			compatibilityVersion = "Xcode 3.2";
			developmentRegion = English;
			hasScannedForEncodings = 0;
			knownRegions = (
				en,
			);
			mainGroup = 768FDD251D9C50FD009324D7;
			productRefGroup = 768FDD2F1D9C50FD009324D7 /* Products */;
			projectDirPath = "";
			projectRoot = "";
			targets = (
				768FDD2D1D9C50FD009324D7 /* pdbparser */,
				765BE4881DC9720000F8FBF4 /* cpdb */,
			);
		};
/* End PBXProject section */

/* Begin PBXSourcesBuildPhase section */
		765BE4851DC9720000F8FBF4 /* Sources */ = {
			isa = PBXSourcesBuildPhase;
			buildActionMask = 2147483647;
			files = (
				765BE48E1DC9721800F8FBF4 /* utils.c in Sources */,
				765BE48D1DC9721300F8FBF4 /* cpdb.c in Sources */,
			);
			runOnlyForDeploymentPostprocessing = 0;
		};
		768FDD2A1D9C50FD009324D7 /* Sources */ = {
			isa = PBXSourcesBuildPhase;
			buildActionMask = 2147483647;
			files = (
				76424B861DB8FBD00001EAC0 /* utils.c in Sources */,
				76F32D1B1DAE82E900C311F3 /* main.c in Sources */,
				76F32D1A1DAE82E900C311F3 /* cpdb.c in Sources */,
			);
			runOnlyForDeploymentPostprocessing = 0;
		};
/* End PBXSourcesBuildPhase section */

/* Begin XCBuildConfiguration section */
		765BE48B1DC9720000F8FBF4 /* Debug */ = {
			isa = XCBuildConfiguration;
			buildSettings = {
				EXECUTABLE_PREFIX = lib;
				MACOSX_DEPLOYMENT_TARGET = 10.13;
				PRODUCT_NAME = "$(TARGET_NAME)";
			};
			name = Debug;
		};
		765BE48C1DC9720000F8FBF4 /* Release */ = {
			isa = XCBuildConfiguration;
			buildSettings = {
				EXECUTABLE_PREFIX = lib;
				MACOSX_DEPLOYMENT_TARGET = 10.13;
				PRODUCT_NAME = "$(TARGET_NAME)";
			};
			name = Release;
		};
		768FDD331D9C50FD009324D7 /* Debug */ = {
			isa = XCBuildConfiguration;
			buildSettings = {
				ALWAYS_SEARCH_USER_PATHS = NO;
				CLANG_ANALYZER_NONNULL = YES;
				CLANG_CXX_LANGUAGE_STANDARD = "gnu++0x";
				CLANG_CXX_LIBRARY = "libc++";
				CLANG_ENABLE_MODULES = YES;
				CLANG_ENABLE_OBJC_ARC = YES;
				CLANG_WARN_BLOCK_CAPTURE_AUTORELEASING = YES;
				CLANG_WARN_BOOL_CONVERSION = YES;
				CLANG_WARN_COMMA = YES;
				CLANG_WARN_CONSTANT_CONVERSION = YES;
				CLANG_WARN_DIRECT_OBJC_ISA_USAGE = YES_ERROR;
				CLANG_WARN_DOCUMENTATION_COMMENTS = YES;
				CLANG_WARN_EMPTY_BODY = YES;
				CLANG_WARN_ENUM_CONVERSION = YES;
				CLANG_WARN_INFINITE_RECURSION = YES;
				CLANG_WARN_INT_CONVERSION = YES;
				CLANG_WARN_NON_LITERAL_NULL_CONVERSION = YES;
				CLANG_WARN_OBJC_LITERAL_CONVERSION = YES;
				CLANG_WARN_OBJC_ROOT_CLASS = YES_ERROR;
				CLANG_WARN_RANGE_LOOP_ANALYSIS = YES;
				CLANG_WARN_STRICT_PROTOTYPES = YES;
				CLANG_WARN_SUSPICIOUS_MOVE = YES;
				CLANG_WARN_SUSPICIOUS_MOVES = YES;
				CLANG_WARN_UNREACHABLE_CODE = YES;
				CLANG_WARN__DUPLICATE_METHOD_MATCH = YES;
				CODE_SIGN_IDENTITY = "-";
				COPY_PHASE_STRIP = NO;
				DEBUG_INFORMATION_FORMAT = dwarf;
				ENABLE_STRICT_OBJC_MSGSEND = YES;
				ENABLE_TESTABILITY = YES;
				GCC_C_LANGUAGE_STANDARD = gnu99;
				GCC_DYNAMIC_NO_PIC = NO;
				GCC_NO_COMMON_BLOCKS = YES;
				GCC_OPTIMIZATION_LEVEL = 0;
				GCC_PREPROCESSOR_DEFINITIONS = (
					"DEBUG=1",
					"$(inherited)",
				);
				GCC_WARN_64_TO_32_BIT_CONVERSION = YES;
				GCC_WARN_ABOUT_RETURN_TYPE = YES_ERROR;
				GCC_WARN_UNDECLARED_SELECTOR = YES;
				GCC_WARN_UNINITIALIZED_AUTOS = YES_AGGRESSIVE;
				GCC_WARN_UNUSED_FUNCTION = YES;
				GCC_WARN_UNUSED_VARIABLE = YES;
				MACOSX_DEPLOYMENT_TARGET = 10.12;
				MTL_ENABLE_DEBUG_INFO = YES;
				ONLY_ACTIVE_ARCH = YES;
				SDKROOT = macosx;
			};
			name = Debug;
		};
		768FDD341D9C50FD009324D7 /* Release */ = {
			isa = XCBuildConfiguration;
			buildSettings = {
				ALWAYS_SEARCH_USER_PATHS = NO;
				CLANG_ANALYZER_NONNULL = YES;
				CLANG_CXX_LANGUAGE_STANDARD = "gnu++0x";
				CLANG_CXX_LIBRARY = "libc++";
				CLANG_ENABLE_MODULES = YES;
				CLANG_ENABLE_OBJC_ARC = YES;
				CLANG_WARN_BLOCK_CAPTURE_AUTORELEASING = YES;
				CLANG_WARN_BOOL_CONVERSION = YES;
				CLANG_WARN_COMMA = YES;
				CLANG_WARN_CONSTANT_CONVERSION = YES;
				CLANG_WARN_DIRECT_OBJC_ISA_USAGE = YES_ERROR;
				CLANG_WARN_DOCUMENTATION_COMMENTS = YES;
				CLANG_WARN_EMPTY_BODY = YES;
				CLANG_WARN_ENUM_CONVERSION = YES;
				CLANG_WARN_INFINITE_RECURSION = YES;
				CLANG_WARN_INT_CONVERSION = YES;
				CLANG_WARN_NON_LITERAL_NULL_CONVERSION = YES;
				CLANG_WARN_OBJC_LITERAL_CONVERSION = YES;
				CLANG_WARN_OBJC_ROOT_CLASS = YES_ERROR;
				CLANG_WARN_RANGE_LOOP_ANALYSIS = YES;
				CLANG_WARN_STRICT_PROTOTYPES = YES;
				CLANG_WARN_SUSPICIOUS_MOVE = YES;
				CLANG_WARN_SUSPICIOUS_MOVES = YES;
				CLANG_WARN_UNREACHABLE_CODE = YES;
				CLANG_WARN__DUPLICATE_METHOD_MATCH = YES;
				CODE_SIGN_IDENTITY = "-";
				COPY_PHASE_STRIP = NO;
				DEBUG_INFORMATION_FORMAT = "dwarf-with-dsym";
				ENABLE_NS_ASSERTIONS = NO;
				ENABLE_STRICT_OBJC_MSGSEND = YES;
				GCC_C_LANGUAGE_STANDARD = gnu99;
				GCC_NO_COMMON_BLOCKS = YES;
				GCC_WARN_64_TO_32_BIT_CONVERSION = YES;
				GCC_WARN_ABOUT_RETURN_TYPE = YES_ERROR;
				GCC_WARN_UNDECLARED_SELECTOR = YES;
				GCC_WARN_UNINITIALIZED_AUTOS = YES_AGGRESSIVE;
				GCC_WARN_UNUSED_FUNCTION = YES;
				GCC_WARN_UNUSED_VARIABLE = YES;
				MACOSX_DEPLOYMENT_TARGET = 10.12;
				MTL_ENABLE_DEBUG_INFO = NO;
				SDKROOT = macosx;
			};
			name = Release;
		};
		768FDD361D9C50FD009324D7 /* Debug */ = {
			isa = XCBuildConfiguration;
			buildSettings = {
				MACOSX_DEPLOYMENT_TARGET = 10.13;
				PRODUCT_NAME = "$(TARGET_NAME)";
			};
			name = Debug;
		};
		768FDD371D9C50FD009324D7 /* Release */ = {
			isa = XCBuildConfiguration;
			buildSettings = {
				MACOSX_DEPLOYMENT_TARGET = 10.13;
				PRODUCT_NAME = "$(TARGET_NAME)";
			};
			name = Release;
		};
/* End XCBuildConfiguration section */

/* Begin XCConfigurationList section */
		765BE48A1DC9720000F8FBF4 /* Build configuration list for PBXNativeTarget "cpdb" */ = {
			isa = XCConfigurationList;
			buildConfigurations = (
				765BE48B1DC9720000F8FBF4 /* Debug */,
				765BE48C1DC9720000F8FBF4 /* Release */,
			);
			defaultConfigurationIsVisible = 0;
			defaultConfigurationName = Release;
		};
		768FDD291D9C50FD009324D7 /* Build configuration list for PBXProject "cpdb" */ = {
			isa = XCConfigurationList;
			buildConfigurations = (
				768FDD331D9C50FD009324D7 /* Debug */,
				768FDD341D9C50FD009324D7 /* Release */,
			);
			defaultConfigurationIsVisible = 0;
			defaultConfigurationName = Release;
		};
		768FDD351D9C50FD009324D7 /* Build configuration list for PBXNativeTarget "pdbparser" */ = {
			isa = XCConfigurationList;
			buildConfigurations = (
				768FDD361D9C50FD009324D7 /* Debug */,
				768FDD371D9C50FD009324D7 /* Release */,
			);
			defaultConfigurationIsVisible = 0;
			defaultConfigurationName = Release;
		};
/* End XCConfigurationList section */
	};
	rootObject = 768FDD261D9C50FD009324D7 /* Project object */;
}
